
Microsoft Visual Studio Solution File, Format Version 12.00
# Visual Studio Version 16
VisualStudioVersion = 16.0.31205.134
MinimumVisualStudioVersion = 10.0.40219.1
Project("{FAE04EC0-301F-11D3-BF4B-00C04F79EFBC}") = "ExpanseManager", "ExpanseManager\ExpanseManager.csproj", "{49B64560-AAD9-4B40-8B4C-86D5FE8DA10E}"
EndProject
Global
	GlobalSection(SolutionConfigurationPlatforms) = preSolution
		Debug|Any CPU = Debug|Any CPU
		Release|Any CPU = Release|Any CPU
	EndGlobalSection
	GlobalSection(ProjectConfigurationPlatforms) = postSolution
		{49B64560-AAD9-4B40-8B4C-86D5FE8DA10E}.Debug|Any CPU.ActiveCfg = Debug|Any CPU
		{49B64560-AAD9-4B40-8B4C-86D5FE8DA10E}.Debug|Any CPU.Build.0 = Debug|Any CPU
		{49B64560-AAD9-4B40-8B4C-86D5FE8DA10E}.Release|Any CPU.ActiveCfg = Release|Any CPU
		{49B64560-AAD9-4B40-8B4C-86D5FE8DA10E}.Release|Any CPU.Build.0 = Release|Any CPU
	EndGlobalSection
	GlobalSection(SolutionProperties) = preSolution
		HideSolutionNode = FALSE
	EndGlobalSection
	GlobalSection(ExtensibilityGlobals) = postSolution
		SolutionGuid = {37DB3D07-0097-4687-A793-D0455C5DC01C}
	EndGlobalSection
EndGlobal
